<?xml version="1.0" encoding="utf-8"?>
<Project ToolsVersion="4.0" xmlns="http://schemas.microsoft.com/developer/msbuild/2003">
  <ItemGroup>
    <Filter Include="Source Files">
      <UniqueIdentifier>{4FC737F1-C7A5-4376-A066-2A32D752A2FF}</UniqueIdentifier>
      <Extensions>cpp;c;cc;cxx;def;odl;idl;hpj;bat;asm;asmx</Extensions>
    </Filter>
    <Filter Include="Header Files">
      <UniqueIdentifier>{93995380-89BD-4b04-88EB-625FBE52EBFB}</UniqueIdentifier>
      <Extensions>h;hh;hpp;hxx;hm;inl;inc;xsd</Extensions>
    </Filter>
    <Filter Include="Resource Files">
      <UniqueIdentifier>{67DA6AB6-F800-4c08-8B7A-83BB121AAD01}</UniqueIdentifier>
      <Extensions>rc;ico;cur;bmp;dlg;rc2;rct;bin;rgs;gif;jpg;jpeg;jpe;resx;tiff;tif;png;wav;mfcribbon-ms</Extensions>
    </Filter>
    <Filter Include="Source Files\terminal">
      <UniqueIdentifier>{22d1e50d-fda0-414c-8b2c-eefc18805875}</UniqueIdentifier>
    </Filter>
    <Filter Include="Source Files\generator">
      <UniqueIdentifier>{d3a87bdc-87eb-4daf-9a46-0116beacff79}</UniqueIdentifier>
    </Filter>
    <Filter Include="Source Files\intermediate">
      <UniqueIdentifier>{2d25bc65-4ed5-480d-8749-b3d68300900c}</UniqueIdentifier>
    </Filter>
    <Filter Include="Source Files\core">
      <UniqueIdentifier>{5179e8d5-c95d-4d7c-9b3f-d4f6e3784e07}</UniqueIdentifier>
    </Filter>
  </ItemGroup>
  <ItemGroup>
    <ClCompile Include="test.cpp">
      <Filter>Source Files</Filter>
    </ClCompile>
    <ClCompile Include="terminal\to.cpp">
      <Filter>Source Files\terminal</Filter>
    </ClCompile>
    <ClCompile Include="terminal\all.cpp">
      <Filter>Source Files\terminal</Filter>
    </ClCompile>
    <ClCompile Include="terminal\any.cpp">
      <Filter>Source Files\terminal</Filter>
    </ClCompile>
    <ClCompile Include="terminal\contains.cpp">
      <Filter>Source Files\terminal</Filter>
    </ClCompile>
    <ClCompile Include="terminal\copy.cpp">
      <Filter>Source Files\terminal</Filter>
    </ClCompile>
    <ClCompile Include="terminal\count.cpp">
      <Filter>Source Files\terminal</Filter>
    </ClCompile>
    <ClCompile Include="terminal\dump.cpp">
      <Filter>Source Files\terminal</Filter>
    </ClCompile>
    <ClCompile Include="terminal\each.cpp">
      <Filter>Source Files\terminal</Filter>
    </ClCompile>
    <ClCompile Include="terminal\execute.cpp">
      <Filter>Source Files\terminal</Filter>
    </ClCompile>
    <ClCompile Include="terminal\first.cpp">
      <Filter>Source Files\terminal</Filter>
    </ClCompile>
    <ClCompile Include="terminal\fold.cpp">
      <Filter>Source Files\terminal</Filter>
    </ClCompile>
    <ClCompile Include="terminal\last.cpp">
      <Filter>Source Files\terminal</Filter>
    </ClCompile>
    <ClCompile Include="terminal\max.cpp">
      <Filter>Source Files\terminal</Filter>
    </ClCompile>
    <ClCompile Include="terminal\min.cpp">
      <Filter>Source Files\terminal</Filter>
    </ClCompile>
    <ClCompile Include="terminal\minmax.cpp">
      <Filter>Source Files\terminal</Filter>
    </ClCompile>
    <ClCompile Include="terminal\none.cpp">
      <Filter>Source Files\terminal</Filter>
    </ClCompile>
    <ClCompile Include="terminal\nth.cpp">
      <Filter>Source Files\terminal</Filter>
    </ClCompile>
    <ClCompile Include="terminal\product.cpp">
      <Filter>Source Files\terminal</Filter>
    </ClCompile>
    <ClCompile Include="terminal\sum.cpp">
      <Filter>Source Files\terminal</Filter>
    </ClCompile>
    <ClCompile Include="intermediate\concat.cpp">
      <Filter>Source Files\intermediate</Filter>
    </ClCompile>
    <ClCompile Include="intermediate\drop_while.cpp">
      <Filter>Source Files\intermediate</Filter>
    </ClCompile>
    <ClCompile Include="intermediate\filter.cpp">
      <Filter>Source Files\intermediate</Filter>
    </ClCompile>
    <ClCompile Include="intermediate\flat_map.cpp">
      <Filter>Source Files\intermediate</Filter>
    </ClCompile>
    <ClCompile Include="intermediate\limit.cpp">
      <Filter>Source Files\intermediate</Filter>
    </ClCompile>
    <ClCompile Include="intermediate\map.cpp">
      <Filter>Source Files\intermediate</Filter>
    </ClCompile>
    <ClCompile Include="intermediate\peek.cpp">
      <Filter>Source Files\intermediate</Filter>
    </ClCompile>
    <ClCompile Include="intermediate\replace.cpp">
      <Filter>Source Files\intermediate</Filter>
    </ClCompile>
    <ClCompile Include="intermediate\reverse.cpp">
      <Filter>Source Files\intermediate</Filter>
    </ClCompile>
    <ClCompile Include="intermediate\skip.cpp">
      <Filter>Source Files\intermediate</Filter>
    </ClCompile>
    <ClCompile Include="intermediate\slice.cpp">
      <Filter>Source Files\intermediate</Filter>
    </ClCompile>
    <ClCompile Include="intermediate\sort.cpp">
      <Filter>Source Files\intermediate</Filter>
    </ClCompile>
    <ClCompile Include="intermediate\take_while.cpp">
      <Filter>Source Files\intermediate</Filter>
    </ClCompile>
    <ClCompile Include="intermediate\unique.cpp">
      <Filter>Source Files\intermediate</Filter>
    </ClCompile>
    <ClCompile Include="intermediate\zip.cpp">
      <Filter>Source Files\intermediate</Filter>
    </ClCompile>
    <ClCompile Include="uncurry.cpp">
      <Filter>Source Files\core</Filter>
    </ClCompile>
    <ClCompile Include="generator\from.cpp">
      <Filter>Source Files\generator</Filter>
    </ClCompile>
    <ClCompile Include="generator\closed_range.cpp">
      <Filter>Source Files\generator</Filter>
    </ClCompile>
    <ClCompile Include="generator\cycle.cpp">
      <Filter>Source Files\generator</Filter>
    </ClCompile>
    <ClCompile Include="generator\cycle_move.cpp">
      <Filter>Source Files\generator</Filter>
    </ClCompile>
    <ClCompile Include="generator\empty.cpp">
      <Filter>Source Files\generator</Filter>
    </ClCompile>
    <ClCompile Include="generator\from_move.cpp">
      <Filter>Source Files\generator</Filter>
    </ClCompile>
    <ClCompile Include="generator\generate.cpp">
      <Filter>Source Files\generator</Filter>
    </ClCompile>
    <ClCompile Include="generator\iota.cpp">
      <Filter>Source Files\generator</Filter>
    </ClCompile>
    <ClCompile Include="generator\iterate.cpp">
      <Filter>Source Files\generator</Filter>
    </ClCompile>
    <ClCompile Include="generator\range.cpp">
      <Filter>Source Files\generator</Filter>
    </ClCompile>
    <ClCompile Include="generator\repeat.cpp">
      <Filter>Source Files\generator</Filter>
    </ClCompile>
    <ClCompile Include="iterator.cpp">
      <Filter>Source Files\core</Filter>
    </ClCompile>
  </ItemGroup>
  <ItemGroup>
    <ClInclude Include="test.h">
      <Filter>Header Files</Filter>
    </ClInclude>
  </ItemGroup>
</Project>