<?xml version="1.0" encoding="utf-8"?>
<Project ToolsVersion="4.0" xmlns="http://schemas.microsoft.com/developer/msbuild/2003">
  <ItemGroup>
    <Filter Include="Source Files">
      <UniqueIdentifier>{4FC737F1-C7A5-4376-A066-2A32D752A2FF}</UniqueIdentifier>
      <Extensions>cpp;c;cc;cxx;def;odl;idl;hpj;bat;asm;asmx</Extensions>
    </Filter>
    <Filter Include="Header Files">
      <UniqueIdentifier>{93995380-89BD-4b04-88EB-625FBE52EBFB}</UniqueIdentifier>
      <Extensions>h;hh;hpp;hxx;hm;inl;inc;xsd</Extensions>
    </Filter>
    <Filter Include="Resource Files">
      <UniqueIdentifier>{67DA6AB6-F800-4c08-8B7A-83BB121AAD01}</UniqueIdentifier>
      <Extensions>rc;ico;cur;bmp;dlg;rc2;rct;bin;rgs;gif;jpg;jpeg;jpe;resx;tiff;tif;png;wav;mfcribbon-ms</Extensions>
    </Filter>
    <Filter Include="Header Files\core">
      <UniqueIdentifier>{5179e8d5-c95d-4d7c-9b3f-d4f6e3784e07}</UniqueIdentifier>
    </Filter>
    <Filter Include="Header Files\generator">
      <UniqueIdentifier>{d3a87bdc-87eb-4daf-9a46-0116beacff79}</UniqueIdentifier>
    </Filter>
    <Filter Include="Header Files\intermediate">
      <UniqueIdentifier>{2d25bc65-4ed5-480d-8749-b3d68300900c}</UniqueIdentifier>
    </Filter>
    <Filter Include="Header Files\terminal">
      <UniqueIdentifier>{22d1e50d-fda0-414c-8b2c-eefc18805875}</UniqueIdentifier>
    </Filter>
    <Filter Include="Header Files\extra">
      <UniqueIdentifier>{7d0cd5c9-223a-405d-92e5-2e310795c27d}</UniqueIdentifier>
    </Filter>
  </ItemGroup>
  <ItemGroup>
    <ClCompile Include="test.cpp">
      <Filter>Source Files</Filter>
    </ClCompile>
  </ItemGroup>
  <ItemGroup>
    <ClInclude Include="test.h">
      <Filter>Header Files</Filter>
    </ClInclude>
    <ClInclude Include="terminal\to.h">
      <Filter>Header Files\terminal</Filter>
    </ClInclude>
    <ClInclude Include="intermediate\zip.h">
      <Filter>Header Files\intermediate</Filter>
    </ClInclude>
    <ClInclude Include="generator\repeat.h">
      <Filter>Header Files\generator</Filter>
    </ClInclude>
    <ClInclude Include="generator\closed_range.h">
      <Filter>Header Files\generator</Filter>
    </ClInclude>
    <ClInclude Include="intermediate\concat.h">
      <Filter>Header Files\intermediate</Filter>
    </ClInclude>
    <ClInclude Include="terminal\all.h">
      <Filter>Header Files\terminal</Filter>
    </ClInclude>
    <ClInclude Include="terminal\any.h">
      <Filter>Header Files\terminal</Filter>
    </ClInclude>
    <ClInclude Include="terminal\contains.h">
      <Filter>Header Files\terminal</Filter>
    </ClInclude>
    <ClInclude Include="terminal\copy.h">
      <Filter>Header Files\terminal</Filter>
    </ClInclude>
    <ClInclude Include="terminal\count.h">
      <Filter>Header Files\terminal</Filter>
    </ClInclude>
    <ClInclude Include="generator\cycle.h">
      <Filter>Header Files\generator</Filter>
    </ClInclude>
    <ClInclude Include="generator\cycle_move.h">
      <Filter>Header Files\generator</Filter>
    </ClInclude>
    <ClInclude Include="generator\empty.h">
      <Filter>Header Files\generator</Filter>
    </ClInclude>
    <ClInclude Include="generator\from.h">
      <Filter>Header Files\generator</Filter>
    </ClInclude>
    <ClInclude Include="generator\from_move.h">
      <Filter>Header Files\generator</Filter>
    </ClInclude>
    <ClInclude Include="generator\generate.h">
      <Filter>Header Files\generator</Filter>
    </ClInclude>
    <ClInclude Include="generator\iota.h">
      <Filter>Header Files\generator</Filter>
    </ClInclude>
    <ClInclude Include="generator\iterate.h">
      <Filter>Header Files\generator</Filter>
    </ClInclude>
    <ClInclude Include="generator\range.h">
      <Filter>Header Files\generator</Filter>
    </ClInclude>
    <ClInclude Include="intermediate\drop_while.h">
      <Filter>Header Files\intermediate</Filter>
    </ClInclude>
    <ClInclude Include="terminal\dump.h">
      <Filter>Header Files\terminal</Filter>
    </ClInclude>
    <ClInclude Include="terminal\each.h">
      <Filter>Header Files\terminal</Filter>
    </ClInclude>
    <ClInclude Include="terminal\execute.h">
      <Filter>Header Files\terminal</Filter>
    </ClInclude>
    <ClInclude Include="terminal\first.h">
      <Filter>Header Files\terminal</Filter>
    </ClInclude>
    <ClInclude Include="terminal\fold.h">
      <Filter>Header Files\terminal</Filter>
    </ClInclude>
    <ClInclude Include="terminal\last.h">
      <Filter>Header Files\terminal</Filter>
    </ClInclude>
    <ClInclude Include="intermediate\filter.h">
      <Filter>Header Files\intermediate</Filter>
    </ClInclude>
    <ClInclude Include="intermediate\flat_map.h">
      <Filter>Header Files\intermediate</Filter>
    </ClInclude>
    <ClInclude Include="intermediate\limit.h">
      <Filter>Header Files\intermediate</Filter>
    </ClInclude>
    <ClInclude Include="intermediate\map.h">
      <Filter>Header Files\intermediate</Filter>
    </ClInclude>
    <ClInclude Include="terminal\max.h">
      <Filter>Header Files\terminal</Filter>
    </ClInclude>
    <ClInclude Include="terminal\min.h">
      <Filter>Header Files\terminal</Filter>
    </ClInclude>
    <ClInclude Include="terminal\minmax.h">
      <Filter>Header Files\terminal</Filter>
    </ClInclude>
    <ClInclude Include="terminal\none.h">
      <Filter>Header Files\terminal</Filter>
    </ClInclude>
    <ClInclude Include="terminal\nth.h">
      <Filter>Header Files\terminal</Filter>
    </ClInclude>
    <ClInclude Include="intermediate\peek.h">
      <Filter>Header Files\intermediate</Filter>
    </ClInclude>
    <ClInclude Include="terminal\product.h">
      <Filter>Header Files\terminal</Filter>
    </ClInclude>
    <ClInclude Include="iterator.h">
      <Filter>Header Files\core</Filter>
    </ClInclude>
    <ClInclude Include="intermediate\replace.h">
      <Filter>Header Files\intermediate</Filter>
    </ClInclude>
    <ClInclude Include="intermediate\reverse.h">
      <Filter>Header Files\intermediate</Filter>
    </ClInclude>
    <ClInclude Include="intermediate\skip.h">
      <Filter>Header Files\intermediate</Filter>
    </ClInclude>
    <ClInclude Include="intermediate\slice.h">
      <Filter>Header Files\intermediate</Filter>
    </ClInclude>
    <ClInclude Include="intermediate\sort.h">
      <Filter>Header Files\intermediate</Filter>
    </ClInclude>
    <ClInclude Include="intermediate\take_while.h">
      <Filter>Header Files\intermediate</Filter>
    </ClInclude>
    <ClInclude Include="intermediate\unique.h">
      <Filter>Header Files\intermediate</Filter>
    </ClInclude>
    <ClInclude Include="terminal\sum.h">
      <Filter>Header Files\terminal</Filter>
    </ClInclude>
    <ClInclude Include="uncurry.h">
      <Filter>Header Files\core</Filter>
    </ClInclude>
    <ClInclude Include="terminal\sample.h">
      <Filter>Header Files\terminal</Filter>
    </ClInclude>
    <ClInclude Include="terminal\reservoir.h">
      <Filter>Header Files\terminal</Filter>
    </ClInclude>
    <ClInclude Include="intermediate\merge.h">
      <Filter>Header Files\intermediate</Filter>
    </ClInclude>
    <ClInclude Include="intermediate\set_union.h">
      <Filter>Header Files\intermediate</Filter>
    </ClInclude>
    <ClInclude Include="intermediate\set_intersect.h">
      <Filter>Header Files\intermediate</Filter>
    </ClInclude>
    <ClInclude Include="intermediate\set_diff.h">
      <Filter>Header Files\intermediate</Filter>
    </ClInclude>
    <ClInclude Include="intermediate\set_sym_diff.h">
      <Filter>Header Files\intermediate</Filter>
    </ClInclude>
    <ClInclude Include="terminal\stats.h">
      <Filter>Header Files\terminal</Filter>
    </ClInclude>
    <ClInclude Include="generator\random.h">
      <Filter>Header Files\generator</Filter>
    </ClInclude>
    <ClInclude Include="optional.h">
      <Filter>Header Files\core</Filter>
    </ClInclude>
    <ClInclude Include="intermediate\shuffle.h">
      <Filter>Header Files\intermediate</Filter>
    </ClInclude>
    <ClInclude Include="lazy.h">
      <Filter>Header Files\core</Filter>
    </ClInclude>
    <ClInclude Include="terminal\inner_product.h">
      <Filter>Header Files\terminal</Filter>
    </ClInclude>
    <ClInclude Include="general.h">
      <Filter>Header Files\core</Filter>
    </ClInclude>
    <ClInclude Include="extra\optional2.h">
      <Filter>Header Files\extra</Filter>
    </ClInclude>
  </ItemGroup>
</Project>